# THIS IS AN AUTOGENERATED FILE. DO NOT EDIT THIS FILE DIRECTLY.
# yarn lockfile v1


qrcode-generator@2.0.4:
  version "2.0.4"
  resolved "https://registry.yarnpkg.com/qrcode-generator/-/qrcode-generator-2.0.4.tgz#e8b3f30922577eba52078aa9c0d5a2a74fe1fd94"
  integrity sha512-mZSiP6RnbHl4xL2Ap5HfkjLnmxfKcPWpWe/c+5XxCuetEenqmNFf1FH/ftXPCtFG5/TDobjsjz6sSNL0Sr8Z9g==
